// !$*UTF8*$!
{
	archiveVersion = 1;
	classes = {
	};
	objectVersion = 48;
	objects = {

/* Begin PBXBuildFile section */
		0A0CD2AA1FC06982004BAA7F /* AppDelegate.swift in Sources */ = {isa = PBXBuildFile; fileRef = 0A0CD2A91FC06982004BAA7F /* AppDelegate.swift */; };
		0A0CD2AC1FC06982004BAA7F /* art.scnassets in Resources */ = {isa = PBXBuildFile; fileRef = 0A0CD2AB1FC06982004BAA7F /* art.scnassets */; };
		0A0CD2AE1FC06982004BAA7F /* ViewController.swift in Sources */ = {isa = PBXBuildFile; fileRef = 0A0CD2AD1FC06982004BAA7F /* ViewController.swift */; };
		0A0CD2B11FC06982004BAA7F /* Main.storyboard in Resources */ = {isa = PBXBuildFile; fileRef = 0A0CD2AF1FC06982004BAA7F /* Main.storyboard */; };
		0A0CD2B31FC06982004BAA7F /* Assets.xcassets in Resources */ = {isa = PBXBuildFile; fileRef = 0A0CD2B21FC06982004BAA7F /* Assets.xcassets */; };
		0A0CD2B61FC06982004BAA7F /* LaunchScreen.storyboard in Resources */ = {isa = PBXBuildFile; fileRef = 0A0CD2B41FC06982004BAA7F /* LaunchScreen.storyboard */; };
		0A4C323B1FC18D4B0048AF18 /* AppDelegate.swift in Sources */ = {isa = PBXBuildFile; fileRef = 0A4C323A1FC18D4B0048AF18 /* AppDelegate.swift */; };
		0A4C323D1FC18D4B0048AF18 /* ViewController.swift in Sources */ = {isa = PBXBuildFile; fileRef = 0A4C323C1FC18D4B0048AF18 /* ViewController.swift */; };
		0A4C32401FC18D4B0048AF18 /* Main.storyboard in Resources */ = {isa = PBXBuildFile; fileRef = 0A4C323E1FC18D4B0048AF18 /* Main.storyboard */; };
		0A4C32421FC18D4B0048AF18 /* Assets.xcassets in Resources */ = {isa = PBXBuildFile; fileRef = 0A4C32411FC18D4B0048AF18 /* Assets.xcassets */; };
		0A4C32451FC18D4B0048AF18 /* LaunchScreen.storyboard in Resources */ = {isa = PBXBuildFile; fileRef = 0A4C32431FC18D4B0048AF18 /* LaunchScreen.storyboard */; };
		0A4C324B1FC18E380048AF18 /* SceneViewViewController.swift in Sources */ = {isa = PBXBuildFile; fileRef = 0A4C324A1FC18E380048AF18 /* SceneViewViewController.swift */; };
		0A52EB331FC84A7C00A869EA /* art.scnassets in Resources */ = {isa = PBXBuildFile; fileRef = 0A52EB321FC84A7C00A869EA /* art.scnassets */; };
		0A76086B1FBC741900981D60 /* AppDelegate.swift in Sources */ = {isa = PBXBuildFile; fileRef = 0A76086A1FBC741900981D60 /* AppDelegate.swift */; };
		0A76086D1FBC741900981D60 /* art.scnassets in Resources */ = {isa = PBXBuildFile; fileRef = 0A76086C1FBC741900981D60 /* art.scnassets */; };
		0A76086F1FBC741900981D60 /* ViewController.swift in Sources */ = {isa = PBXBuildFile; fileRef = 0A76086E1FBC741900981D60 /* ViewController.swift */; };
		0A7608721FBC741900981D60 /* Main.storyboard in Resources */ = {isa = PBXBuildFile; fileRef = 0A7608701FBC741900981D60 /* Main.storyboard */; };
		0A7608741FBC741900981D60 /* Assets.xcassets in Resources */ = {isa = PBXBuildFile; fileRef = 0A7608731FBC741900981D60 /* Assets.xcassets */; };
		0A7608771FBC741900981D60 /* LaunchScreen.storyboard in Resources */ = {isa = PBXBuildFile; fileRef = 0A7608751FBC741900981D60 /* LaunchScreen.storyboard */; };
		0A770CA81FD6D49300FDC00B /* AppDelegate.swift in Sources */ = {isa = PBXBuildFile; fileRef = 0A770CA71FD6D49300FDC00B /* AppDelegate.swift */; };
		0A770CAA1FD6D49300FDC00B /* art.scnassets in Resources */ = {isa = PBXBuildFile; fileRef = 0A770CA91FD6D49300FDC00B /* art.scnassets */; };
		0A770CAC1FD6D49300FDC00B /* ViewController.swift in Sources */ = {isa = PBXBuildFile; fileRef = 0A770CAB1FD6D49300FDC00B /* ViewController.swift */; };
		0A770CAF1FD6D49300FDC00B /* Main.storyboard in Resources */ = {isa = PBXBuildFile; fileRef = 0A770CAD1FD6D49300FDC00B /* Main.storyboard */; };
		0A770CB11FD6D49300FDC00B /* Assets.xcassets in Resources */ = {isa = PBXBuildFile; fileRef = 0A770CB01FD6D49300FDC00B /* Assets.xcassets */; };
		0A770CB41FD6D49300FDC00B /* LaunchScreen.storyboard in Resources */ = {isa = PBXBuildFile; fileRef = 0A770CB21FD6D49300FDC00B /* LaunchScreen.storyboard */; };
		0A770CBA1FD6EC6200FDC00B /* ARSCNView+Extension.swift in Sources */ = {isa = PBXBuildFile; fileRef = 0A770CB91FD6EC6200FDC00B /* ARSCNView+Extension.swift */; };
		0A770CBC1FD6F73600FDC00B /* SCNVector+Extension.swift in Sources */ = {isa = PBXBuildFile; fileRef = 0A770CBB1FD6F73600FDC00B /* SCNVector+Extension.swift */; };
		0A7FA0351FD982BA00272B8B /* Line.swift in Sources */ = {isa = PBXBuildFile; fileRef = 0A7FA0341FD982BA00272B8B /* Line.swift */; };
		0AB233221FBDF05900FCD1E8 /* AppDelegate.swift in Sources */ = {isa = PBXBuildFile; fileRef = 0AB233211FBDF05900FCD1E8 /* AppDelegate.swift */; };
		0AB233241FBDF05900FCD1E8 /* art.scnassets in Resources */ = {isa = PBXBuildFile; fileRef = 0AB233231FBDF05900FCD1E8 /* art.scnassets */; };
		0AB233261FBDF05900FCD1E8 /* ViewController.swift in Sources */ = {isa = PBXBuildFile; fileRef = 0AB233251FBDF05900FCD1E8 /* ViewController.swift */; };
		0AB233291FBDF05900FCD1E8 /* Main.storyboard in Resources */ = {isa = PBXBuildFile; fileRef = 0AB233271FBDF05900FCD1E8 /* Main.storyboard */; };
		0AB2332E1FBDF05900FCD1E8 /* LaunchScreen.storyboard in Resources */ = {isa = PBXBuildFile; fileRef = 0AB2332C1FBDF05900FCD1E8 /* LaunchScreen.storyboard */; };
		0AE866B51FBF083900D44918 /* Assets.xcassets in Resources */ = {isa = PBXBuildFile; fileRef = 0AE866B41FBF083900D44918 /* Assets.xcassets */; };
/* End PBXBuildFile section */

/* Begin PBXFileReference section */
		0A0CD2A71FC06982004BAA7F /* ARDemo_3.app */ = {isa = PBXFileReference; explicitFileType = wrapper.application; includeInIndex = 0; path = ARDemo_3.app; sourceTree = BUILT_PRODUCTS_DIR; };
		0A0CD2A91FC06982004BAA7F /* AppDelegate.swift */ = {isa = PBXFileReference; lastKnownFileType = sourcecode.swift; path = AppDelegate.swift; sourceTree = "<group>"; };
		0A0CD2AB1FC06982004BAA7F /* art.scnassets */ = {isa = PBXFileReference; lastKnownFileType = wrapper.scnassets; path = art.scnassets; sourceTree = "<group>"; };
		0A0CD2AD1FC06982004BAA7F /* ViewController.swift */ = {isa = PBXFileReference; lastKnownFileType = sourcecode.swift; path = ViewController.swift; sourceTree = "<group>"; };
		0A0CD2B01FC06982004BAA7F /* Base */ = {isa = PBXFileReference; lastKnownFileType = file.storyboard; name = Base; path = Base.lproj/Main.storyboard; sourceTree = "<group>"; };
		0A0CD2B21FC06982004BAA7F /* Assets.xcassets */ = {isa = PBXFileReference; lastKnownFileType = folder.assetcatalog; path = Assets.xcassets; sourceTree = "<group>"; };
		0A0CD2B51FC06982004BAA7F /* Base */ = {isa = PBXFileReference; lastKnownFileType = file.storyboard; name = Base; path = Base.lproj/LaunchScreen.storyboard; sourceTree = "<group>"; };
		0A0CD2B71FC06982004BAA7F /* Info.plist */ = {isa = PBXFileReference; lastKnownFileType = text.plist.xml; path = Info.plist; sourceTree = "<group>"; };
		0A4C32381FC18D4B0048AF18 /* SolarSystem.app */ = {isa = PBXFileReference; explicitFileType = wrapper.application; includeInIndex = 0; path = SolarSystem.app; sourceTree = BUILT_PRODUCTS_DIR; };
		0A4C323A1FC18D4B0048AF18 /* AppDelegate.swift */ = {isa = PBXFileReference; lastKnownFileType = sourcecode.swift; path = AppDelegate.swift; sourceTree = "<group>"; };
		0A4C323C1FC18D4B0048AF18 /* ViewController.swift */ = {isa = PBXFileReference; lastKnownFileType = sourcecode.swift; path = ViewController.swift; sourceTree = "<group>"; };
		0A4C323F1FC18D4B0048AF18 /* Base */ = {isa = PBXFileReference; lastKnownFileType = file.storyboard; name = Base; path = Base.lproj/Main.storyboard; sourceTree = "<group>"; };
		0A4C32411FC18D4B0048AF18 /* Assets.xcassets */ = {isa = PBXFileReference; lastKnownFileType = folder.assetcatalog; path = Assets.xcassets; sourceTree = "<group>"; };
		0A4C32441FC18D4B0048AF18 /* Base */ = {isa = PBXFileReference; lastKnownFileType = file.storyboard; name = Base; path = Base.lproj/LaunchScreen.storyboard; sourceTree = "<group>"; };
		0A4C32461FC18D4B0048AF18 /* Info.plist */ = {isa = PBXFileReference; lastKnownFileType = text.plist.xml; path = Info.plist; sourceTree = "<group>"; };
		0A4C324A1FC18E380048AF18 /* SceneViewViewController.swift */ = {isa = PBXFileReference; lastKnownFileType = sourcecode.swift; path = SceneViewViewController.swift; sourceTree = "<group>"; };
		0A52EB321FC84A7C00A869EA /* art.scnassets */ = {isa = PBXFileReference; lastKnownFileType = wrapper.scnassets; path = art.scnassets; sourceTree = "<group>"; };
		0A7608671FBC741900981D60 /* ARDemo_1.app */ = {isa = PBXFileReference; explicitFileType = wrapper.application; includeInIndex = 0; path = ARDemo_1.app; sourceTree = BUILT_PRODUCTS_DIR; };
		0A76086A1FBC741900981D60 /* AppDelegate.swift */ = {isa = PBXFileReference; lastKnownFileType = sourcecode.swift; path = AppDelegate.swift; sourceTree = "<group>"; };
		0A76086C1FBC741900981D60 /* art.scnassets */ = {isa = PBXFileReference; lastKnownFileType = wrapper.scnassets; path = art.scnassets; sourceTree = "<group>"; };
		0A76086E1FBC741900981D60 /* ViewController.swift */ = {isa = PBXFileReference; lastKnownFileType = sourcecode.swift; path = ViewController.swift; sourceTree = "<group>"; };
		0A7608711FBC741900981D60 /* Base */ = {isa = PBXFileReference; lastKnownFileType = file.storyboard; name = Base; path = Base.lproj/Main.storyboard; sourceTree = "<group>"; };
		0A7608731FBC741900981D60 /* Assets.xcassets */ = {isa = PBXFileReference; lastKnownFileType = folder.assetcatalog; path = Assets.xcassets; sourceTree = "<group>"; };
		0A7608761FBC741900981D60 /* Base */ = {isa = PBXFileReference; lastKnownFileType = file.storyboard; name = Base; path = Base.lproj/LaunchScreen.storyboard; sourceTree = "<group>"; };
		0A7608781FBC741900981D60 /* Info.plist */ = {isa = PBXFileReference; lastKnownFileType = text.plist.xml; path = Info.plist; sourceTree = "<group>"; };
		0A770CA51FD6D49300FDC00B /* ARRuler.app */ = {isa = PBXFileReference; explicitFileType = wrapper.application; includeInIndex = 0; path = ARRuler.app; sourceTree = BUILT_PRODUCTS_DIR; };
		0A770CA71FD6D49300FDC00B /* AppDelegate.swift */ = {isa = PBXFileReference; lastKnownFileType = sourcecode.swift; path = AppDelegate.swift; sourceTree = "<group>"; };
		0A770CA91FD6D49300FDC00B /* art.scnassets */ = {isa = PBXFileReference; lastKnownFileType = wrapper.scnassets; path = art.scnassets; sourceTree = "<group>"; };
		0A770CAB1FD6D49300FDC00B /* ViewController.swift */ = {isa = PBXFileReference; lastKnownFileType = sourcecode.swift; path = ViewController.swift; sourceTree = "<group>"; };
		0A770CAE1FD6D49300FDC00B /* Base */ = {isa = PBXFileReference; lastKnownFileType = file.storyboard; name = Base; path = Base.lproj/Main.storyboard; sourceTree = "<group>"; };
		0A770CB01FD6D49300FDC00B /* Assets.xcassets */ = {isa = PBXFileReference; lastKnownFileType = folder.assetcatalog; path = Assets.xcassets; sourceTree = "<group>"; };
		0A770CB31FD6D49300FDC00B /* Base */ = {isa = PBXFileReference; lastKnownFileType = file.storyboard; name = Base; path = Base.lproj/LaunchScreen.storyboard; sourceTree = "<group>"; };
		0A770CB51FD6D49300FDC00B /* Info.plist */ = {isa = PBXFileReference; lastKnownFileType = text.plist.xml; path = Info.plist; sourceTree = "<group>"; };
		0A770CB91FD6EC6200FDC00B /* ARSCNView+Extension.swift */ = {isa = PBXFileReference; lastKnownFileType = sourcecode.swift; path = "ARSCNView+Extension.swift"; sourceTree = "<group>"; };
		0A770CBB1FD6F73600FDC00B /* SCNVector+Extension.swift */ = {isa = PBXFileReference; lastKnownFileType = sourcecode.swift; path = "SCNVector+Extension.swift"; sourceTree = "<group>"; };
		0A7FA0341FD982BA00272B8B /* Line.swift */ = {isa = PBXFileReference; lastKnownFileType = sourcecode.swift; path = Line.swift; sourceTree = "<group>"; };
		0AB2331F1FBDF05900FCD1E8 /* ARDemo_2.app */ = {isa = PBXFileReference; explicitFileType = wrapper.application; includeInIndex = 0; path = ARDemo_2.app; sourceTree = BUILT_PRODUCTS_DIR; };
		0AB233211FBDF05900FCD1E8 /* AppDelegate.swift */ = {isa = PBXFileReference; lastKnownFileType = sourcecode.swift; path = AppDelegate.swift; sourceTree = "<group>"; };
		0AB233231FBDF05900FCD1E8 /* art.scnassets */ = {isa = PBXFileReference; lastKnownFileType = wrapper.scnassets; path = art.scnassets; sourceTree = "<group>"; };
		0AB233251FBDF05900FCD1E8 /* ViewController.swift */ = {isa = PBXFileReference; lastKnownFileType = sourcecode.swift; path = ViewController.swift; sourceTree = "<group>"; };
		0AB233281FBDF05900FCD1E8 /* Base */ = {isa = PBXFileReference; lastKnownFileType = file.storyboard; name = Base; path = Base.lproj/Main.storyboard; sourceTree = "<group>"; };
		0AB2332D1FBDF05900FCD1E8 /* Base */ = {isa = PBXFileReference; lastKnownFileType = file.storyboard; name = Base; path = Base.lproj/LaunchScreen.storyboard; sourceTree = "<group>"; };
		0AB2332F1FBDF05900FCD1E8 /* Info.plist */ = {isa = PBXFileReference; lastKnownFileType = text.plist.xml; path = Info.plist; sourceTree = "<group>"; };
		0AE866B41FBF083900D44918 /* Assets.xcassets */ = {isa = PBXFileReference; lastKnownFileType = folder.assetcatalog; path = Assets.xcassets; sourceTree = "<group>"; };
/* End PBXFileReference section */

/* Begin PBXFrameworksBuildPhase section */
		0A0CD2A41FC06982004BAA7F /* Frameworks */ = {
			isa = PBXFrameworksBuildPhase;
			buildActionMask = 2147483647;
			files = (
			);
			runOnlyForDeploymentPostprocessing = 0;
		};
		0A4C32351FC18D4B0048AF18 /* Frameworks */ = {
			isa = PBXFrameworksBuildPhase;
			buildActionMask = 2147483647;
			files = (
			);
			runOnlyForDeploymentPostprocessing = 0;
		};
		0A7608641FBC741900981D60 /* Frameworks */ = {
			isa = PBXFrameworksBuildPhase;
			buildActionMask = 2147483647;
			files = (
			);
			runOnlyForDeploymentPostprocessing = 0;
		};
		0A770CA21FD6D49300FDC00B /* Frameworks */ = {
			isa = PBXFrameworksBuildPhase;
			buildActionMask = 2147483647;
			files = (
			);
			runOnlyForDeploymentPostprocessing = 0;
		};
		0AB2331C1FBDF05900FCD1E8 /* Frameworks */ = {
			isa = PBXFrameworksBuildPhase;
			buildActionMask = 2147483647;
			files = (
			);
			runOnlyForDeploymentPostprocessing = 0;
		};
/* End PBXFrameworksBuildPhase section */

/* Begin PBXGroup section */
		0A0CD2A81FC06982004BAA7F /* ARDemo_3 */ = {
			isa = PBXGroup;
			children = (
				0A0CD2A91FC06982004BAA7F /* AppDelegate.swift */,
				0A0CD2AB1FC06982004BAA7F /* art.scnassets */,
				0A0CD2AD1FC06982004BAA7F /* ViewController.swift */,
				0A0CD2AF1FC06982004BAA7F /* Main.storyboard */,
				0A0CD2B21FC06982004BAA7F /* Assets.xcassets */,
				0A0CD2B41FC06982004BAA7F /* LaunchScreen.storyboard */,
				0A0CD2B71FC06982004BAA7F /* Info.plist */,
			);
			path = ARDemo_3;
			sourceTree = "<group>";
		};
		0A4C32391FC18D4B0048AF18 /* SolarSystem */ = {
			isa = PBXGroup;
			children = (
				0A4C323A1FC18D4B0048AF18 /* AppDelegate.swift */,
				0A4C323C1FC18D4B0048AF18 /* ViewController.swift */,
				0A4C324A1FC18E380048AF18 /* SceneViewViewController.swift */,
				0A4C323E1FC18D4B0048AF18 /* Main.storyboard */,
				0A4C32411FC18D4B0048AF18 /* Assets.xcassets */,
				0A52EB321FC84A7C00A869EA /* art.scnassets */,
				0A4C32431FC18D4B0048AF18 /* LaunchScreen.storyboard */,
				0A4C32461FC18D4B0048AF18 /* Info.plist */,
			);
			path = SolarSystem;
			sourceTree = "<group>";
		};
		0A76085E1FBC741900981D60 = {
			isa = PBXGroup;
			children = (
				0A7608691FBC741900981D60 /* ARDemo_1 */,
				0AB233201FBDF05900FCD1E8 /* ARDemo_2 */,
				0A0CD2A81FC06982004BAA7F /* ARDemo_3 */,
				0A4C32391FC18D4B0048AF18 /* SolarSystem */,
				0A770CA61FD6D49300FDC00B /* ARRuler */,
				0A7608681FBC741900981D60 /* Products */,
			);
			sourceTree = "<group>";
		};
		0A7608681FBC741900981D60 /* Products */ = {
			isa = PBXGroup;
			children = (
				0A7608671FBC741900981D60 /* ARDemo_1.app */,
				0AB2331F1FBDF05900FCD1E8 /* ARDemo_2.app */,
				0A0CD2A71FC06982004BAA7F /* ARDemo_3.app */,
				0A4C32381FC18D4B0048AF18 /* SolarSystem.app */,
				0A770CA51FD6D49300FDC00B /* ARRuler.app */,
			);
			name = Products;
			sourceTree = "<group>";
		};
		0A7608691FBC741900981D60 /* ARDemo_1 */ = {
			isa = PBXGroup;
			children = (
				0A76086A1FBC741900981D60 /* AppDelegate.swift */,
				0A76086C1FBC741900981D60 /* art.scnassets */,
				0A76086E1FBC741900981D60 /* ViewController.swift */,
				0A7608701FBC741900981D60 /* Main.storyboard */,
				0A7608731FBC741900981D60 /* Assets.xcassets */,
				0A7608751FBC741900981D60 /* LaunchScreen.storyboard */,
				0A7608781FBC741900981D60 /* Info.plist */,
			);
			path = ARDemo_1;
			sourceTree = "<group>";
		};
		0A770CA61FD6D49300FDC00B /* ARRuler */ = {
			isa = PBXGroup;
			children = (
				0A770CA71FD6D49300FDC00B /* AppDelegate.swift */,
				0A770CA91FD6D49300FDC00B /* art.scnassets */,
				0A770CAB1FD6D49300FDC00B /* ViewController.swift */,
				0A770CB91FD6EC6200FDC00B /* ARSCNView+Extension.swift */,
				0A770CBB1FD6F73600FDC00B /* SCNVector+Extension.swift */,
				0A7FA0341FD982BA00272B8B /* Line.swift */,
				0A770CAD1FD6D49300FDC00B /* Main.storyboard */,
				0A770CB01FD6D49300FDC00B /* Assets.xcassets */,
				0A770CB21FD6D49300FDC00B /* LaunchScreen.storyboard */,
				0A770CB51FD6D49300FDC00B /* Info.plist */,
			);
			path = ARRuler;
			sourceTree = "<group>";
		};
		0AB233201FBDF05900FCD1E8 /* ARDemo_2 */ = {
			isa = PBXGroup;
			children = (
				0AB233211FBDF05900FCD1E8 /* AppDelegate.swift */,
				0AB233231FBDF05900FCD1E8 /* art.scnassets */,
				0AB233251FBDF05900FCD1E8 /* ViewController.swift */,
				0AB233271FBDF05900FCD1E8 /* Main.storyboard */,
				0AB2332C1FBDF05900FCD1E8 /* LaunchScreen.storyboard */,
				0AE866B41FBF083900D44918 /* Assets.xcassets */,
				0AB2332F1FBDF05900FCD1E8 /* Info.plist */,
			);
			path = ARDemo_2;
			sourceTree = "<group>";
		};
/* End PBXGroup section */

/* Begin PBXNativeTarget section */
		0A0CD2A61FC06982004BAA7F /* ARDemo_3 */ = {
			isa = PBXNativeTarget;
			buildConfigurationList = 0A0CD2BA1FC06982004BAA7F /* Build configuration list for PBXNativeTarget "ARDemo_3" */;
			buildPhases = (
				0A0CD2A31FC06982004BAA7F /* Sources */,
				0A0CD2A41FC06982004BAA7F /* Frameworks */,
				0A0CD2A51FC06982004BAA7F /* Resources */,
			);
			buildRules = (
			);
			dependencies = (
			);
			name = ARDemo_3;
			productName = ARDemo_3;
			productReference = 0A0CD2A71FC06982004BAA7F /* ARDemo_3.app */;
			productType = "com.apple.product-type.application";
		};
		0A4C32371FC18D4B0048AF18 /* SolarSystem */ = {
			isa = PBXNativeTarget;
			buildConfigurationList = 0A4C32491FC18D4B0048AF18 /* Build configuration list for PBXNativeTarget "SolarSystem" */;
			buildPhases = (
				0A4C32341FC18D4B0048AF18 /* Sources */,
				0A4C32351FC18D4B0048AF18 /* Frameworks */,
				0A4C32361FC18D4B0048AF18 /* Resources */,
			);
			buildRules = (
			);
			dependencies = (
			);
			name = SolarSystem;
			productName = SolarSystem;
			productReference = 0A4C32381FC18D4B0048AF18 /* SolarSystem.app */;
			productType = "com.apple.product-type.application";
		};
		0A7608661FBC741900981D60 /* ARDemo_1 */ = {
			isa = PBXNativeTarget;
			buildConfigurationList = 0A76087B1FBC741900981D60 /* Build configuration list for PBXNativeTarget "ARDemo_1" */;
			buildPhases = (
				0A7608631FBC741900981D60 /* Sources */,
				0A7608641FBC741900981D60 /* Frameworks */,
				0A7608651FBC741900981D60 /* Resources */,
			);
			buildRules = (
			);
			dependencies = (
			);
			name = ARDemo_1;
			productName = ARDemo_1;
			productReference = 0A7608671FBC741900981D60 /* ARDemo_1.app */;
			productType = "com.apple.product-type.application";
		};
		0A770CA41FD6D49300FDC00B /* ARRuler */ = {
			isa = PBXNativeTarget;
			buildConfigurationList = 0A770CB81FD6D49300FDC00B /* Build configuration list for PBXNativeTarget "ARRuler" */;
			buildPhases = (
				0A770CA11FD6D49300FDC00B /* Sources */,
				0A770CA21FD6D49300FDC00B /* Frameworks */,
				0A770CA31FD6D49300FDC00B /* Resources */,
			);
			buildRules = (
			);
			dependencies = (
			);
			name = ARRuler;
			productName = ARRuler;
			productReference = 0A770CA51FD6D49300FDC00B /* ARRuler.app */;
			productType = "com.apple.product-type.application";
		};
		0AB2331E1FBDF05900FCD1E8 /* ARDemo_2 */ = {
			isa = PBXNativeTarget;
			buildConfigurationList = 0AB233321FBDF05900FCD1E8 /* Build configuration list for PBXNativeTarget "ARDemo_2" */;
			buildPhases = (
				0AB2331B1FBDF05900FCD1E8 /* Sources */,
				0AB2331C1FBDF05900FCD1E8 /* Frameworks */,
				0AB2331D1FBDF05900FCD1E8 /* Resources */,
			);
			buildRules = (
			);
			dependencies = (
			);
			name = ARDemo_2;
			productName = ARDemo_2;
			productReference = 0AB2331F1FBDF05900FCD1E8 /* ARDemo_2.app */;
			productType = "com.apple.product-type.application";
		};
/* End PBXNativeTarget section */

/* Begin PBXProject section */
		0A76085F1FBC741900981D60 /* Project object */ = {
			isa = PBXProject;
			attributes = {
				LastSwiftUpdateCheck = 0920;
				LastUpgradeCheck = 0910;
				ORGANIZATIONNAME = Gjianhao;
				TargetAttributes = {
					0A0CD2A61FC06982004BAA7F = {
						CreatedOnToolsVersion = 9.1;
						ProvisioningStyle = Automatic;
					};
					0A4C32371FC18D4B0048AF18 = {
						CreatedOnToolsVersion = 9.1;
						ProvisioningStyle = Automatic;
					};
					0A7608661FBC741900981D60 = {
						CreatedOnToolsVersion = 9.1;
						ProvisioningStyle = Automatic;
					};
					0A770CA41FD6D49300FDC00B = {
						CreatedOnToolsVersion = 9.2;
						ProvisioningStyle = Automatic;
					};
					0AB2331E1FBDF05900FCD1E8 = {
						CreatedOnToolsVersion = 9.1;
						ProvisioningStyle = Automatic;
					};
				};
			};
			buildConfigurationList = 0A7608621FBC741900981D60 /* Build configuration list for PBXProject "ARDemo_1" */;
			compatibilityVersion = "Xcode 8.0";
			developmentRegion = en;
			hasScannedForEncodings = 0;
			knownRegions = (
				en,
				Base,
			);
			mainGroup = 0A76085E1FBC741900981D60;
			productRefGroup = 0A7608681FBC741900981D60 /* Products */;
			projectDirPath = "";
			projectRoot = "";
			targets = (
				0A7608661FBC741900981D60 /* ARDemo_1 */,
				0AB2331E1FBDF05900FCD1E8 /* ARDemo_2 */,
				0A0CD2A61FC06982004BAA7F /* ARDemo_3 */,
				0A4C32371FC18D4B0048AF18 /* SolarSystem */,
				0A770CA41FD6D49300FDC00B /* ARRuler */,
			);
		};
/* End PBXProject section */

/* Begin PBXResourcesBuildPhase section */
		0A0CD2A51FC06982004BAA7F /* Resources */ = {
			isa = PBXResourcesBuildPhase;
			buildActionMask = 2147483647;
			files = (
				0A0CD2AC1FC06982004BAA7F /* art.scnassets in Resources */,
				0A0CD2B61FC06982004BAA7F /* LaunchScreen.storyboard in Resources */,
				0A0CD2B31FC06982004BAA7F /* Assets.xcassets in Resources */,
				0A0CD2B11FC06982004BAA7F /* Main.storyboard in Resources */,
			);
			runOnlyForDeploymentPostprocessing = 0;
		};
		0A4C32361FC18D4B0048AF18 /* Resources */ = {
			isa = PBXResourcesBuildPhase;
			buildActionMask = 2147483647;
			files = (
				0A4C32451FC18D4B0048AF18 /* LaunchScreen.storyboard in Resources */,
				0A52EB331FC84A7C00A869EA /* art.scnassets in Resources */,
				0A4C32421FC18D4B0048AF18 /* Assets.xcassets in Resources */,
				0A4C32401FC18D4B0048AF18 /* Main.storyboard in Resources */,
			);
			runOnlyForDeploymentPostprocessing = 0;
		};
		0A7608651FBC741900981D60 /* Resources */ = {
			isa = PBXResourcesBuildPhase;
			buildActionMask = 2147483647;
			files = (
				0A76086D1FBC741900981D60 /* art.scnassets in Resources */,
				0A7608771FBC741900981D60 /* LaunchScreen.storyboard in Resources */,
				0A7608741FBC741900981D60 /* Assets.xcassets in Resources */,
				0A7608721FBC741900981D60 /* Main.storyboard in Resources */,
			);
			runOnlyForDeploymentPostprocessing = 0;
		};
		0A770CA31FD6D49300FDC00B /* Resources */ = {
			isa = PBXResourcesBuildPhase;
			buildActionMask = 2147483647;
			files = (
				0A770CAA1FD6D49300FDC00B /* art.scnassets in Resources */,
				0A770CB41FD6D49300FDC00B /* LaunchScreen.storyboard in Resources */,
				0A770CB11FD6D49300FDC00B /* Assets.xcassets in Resources */,
				0A770CAF1FD6D49300FDC00B /* Main.storyboard in Resources */,
			);
			runOnlyForDeploymentPostprocessing = 0;
		};
		0AB2331D1FBDF05900FCD1E8 /* Resources */ = {
			isa = PBXResourcesBuildPhase;
			buildActionMask = 2147483647;
			files = (
				0AB233241FBDF05900FCD1E8 /* art.scnassets in Resources */,
				0AB2332E1FBDF05900FCD1E8 /* LaunchScreen.storyboard in Resources */,
				0AE866B51FBF083900D44918 /* Assets.xcassets in Resources */,
				0AB233291FBDF05900FCD1E8 /* Main.storyboard in Resources */,
			);
			runOnlyForDeploymentPostprocessing = 0;
		};
/* End PBXResourcesBuildPhase section */

/* Begin PBXSourcesBuildPhase section */
		0A0CD2A31FC06982004BAA7F /* Sources */ = {
			isa = PBXSourcesBuildPhase;
			buildActionMask = 2147483647;
			files = (
				0A0CD2AE1FC06982004BAA7F /* ViewController.swift in Sources */,
				0A0CD2AA1FC06982004BAA7F /* AppDelegate.swift in Sources */,
			);
			runOnlyForDeploymentPostprocessing = 0;
		};
		0A4C32341FC18D4B0048AF18 /* Sources */ = {
			isa = PBXSourcesBuildPhase;
			buildActionMask = 2147483647;
			files = (
				0A4C323D1FC18D4B0048AF18 /* ViewController.swift in Sources */,
				0A4C323B1FC18D4B0048AF18 /* AppDelegate.swift in Sources */,
				0A4C324B1FC18E380048AF18 /* SceneViewViewController.swift in Sources */,
			);
			runOnlyForDeploymentPostprocessing = 0;
		};
		0A7608631FBC741900981D60 /* Sources */ = {
			isa = PBXSourcesBuildPhase;
			buildActionMask = 2147483647;
			files = (
				0A76086F1FBC741900981D60 /* ViewController.swift in Sources */,
				0A76086B1FBC741900981D60 /* AppDelegate.swift in Sources */,
			);
			runOnlyForDeploymentPostprocessing = 0;
		};
		0A770CA11FD6D49300FDC00B /* Sources */ = {
			isa = PBXSourcesBuildPhase;
			buildActionMask = 2147483647;
			files = (
				0A770CAC1FD6D49300FDC00B /* ViewController.swift in Sources */,
				0A770CBA1FD6EC6200FDC00B /* ARSCNView+Extension.swift in Sources */,
				0A770CA81FD6D49300FDC00B /* AppDelegate.swift in Sources */,
				0A770CBC1FD6F73600FDC00B /* SCNVector+Extension.swift in Sources */,
				0A7FA0351FD982BA00272B8B /* Line.swift in Sources */,
			);
			runOnlyForDeploymentPostprocessing = 0;
		};
		0AB2331B1FBDF05900FCD1E8 /* Sources */ = {
			isa = PBXSourcesBuildPhase;
			buildActionMask = 2147483647;
			files = (
				0AB233261FBDF05900FCD1E8 /* ViewController.swift in Sources */,
				0AB233221FBDF05900FCD1E8 /* AppDelegate.swift in Sources */,
			);
			runOnlyForDeploymentPostprocessing = 0;
		};
/* End PBXSourcesBuildPhase section */

/* Begin PBXVariantGroup section */
		0A0CD2AF1FC06982004BAA7F /* Main.storyboard */ = {
			isa = PBXVariantGroup;
			children = (
				0A0CD2B01FC06982004BAA7F /* Base */,
			);
			name = Main.storyboard;
			sourceTree = "<group>";
		};
		0A0CD2B41FC06982004BAA7F /* LaunchScreen.storyboard */ = {
			isa = PBXVariantGroup;
			children = (
				0A0CD2B51FC06982004BAA7F /* Base */,
			);
			name = LaunchScreen.storyboard;
			sourceTree = "<group>";
		};
		0A4C323E1FC18D4B0048AF18 /* Main.storyboard */ = {
			isa = PBXVariantGroup;
			children = (
				0A4C323F1FC18D4B0048AF18 /* Base */,
			);
			name = Main.storyboard;
			sourceTree = "<group>";
		};
		0A4C32431FC18D4B0048AF18 /* LaunchScreen.storyboard */ = {
			isa = PBXVariantGroup;
			children = (
				0A4C32441FC18D4B0048AF18 /* Base */,
			);
			name = LaunchScreen.storyboard;
			sourceTree = "<group>";
		};
		0A7608701FBC741900981D60 /* Main.storyboard */ = {
			isa = PBXVariantGroup;
			children = (
				0A7608711FBC741900981D60 /* Base */,
			);
			name = Main.storyboard;
			sourceTree = "<group>";
		};
		0A7608751FBC741900981D60 /* LaunchScreen.storyboard */ = {
			isa = PBXVariantGroup;
			children = (
				0A7608761FBC741900981D60 /* Base */,
			);
			name = LaunchScreen.storyboard;
			sourceTree = "<group>";
		};
		0A770CAD1FD6D49300FDC00B /* Main.storyboard */ = {
			isa = PBXVariantGroup;
			children = (
				0A770CAE1FD6D49300FDC00B /* Base */,
			);
			name = Main.storyboard;
			sourceTree = "<group>";
		};
		0A770CB21FD6D49300FDC00B /* LaunchScreen.storyboard */ = {
			isa = PBXVariantGroup;
			children = (
				0A770CB31FD6D49300FDC00B /* Base */,
			);
			name = LaunchScreen.storyboard;
			sourceTree = "<group>";
		};
		0AB233271FBDF05900FCD1E8 /* Main.storyboard */ = {
			isa = PBXVariantGroup;
			children = (
				0AB233281FBDF05900FCD1E8 /* Base */,
			);
			name = Main.storyboard;
			sourceTree = "<group>";
		};
		0AB2332C1FBDF05900FCD1E8 /* LaunchScreen.storyboard */ = {
			isa = PBXVariantGroup;
			children = (
				0AB2332D1FBDF05900FCD1E8 /* Base */,
			);
			name = LaunchScreen.storyboard;
			sourceTree = "<group>";
		};
/* End PBXVariantGroup section */

/* Begin XCBuildConfiguration section */
		0A0CD2B81FC06982004BAA7F /* Debug */ = {
			isa = XCBuildConfiguration;
			buildSettings = {
				ASSETCATALOG_COMPILER_APPICON_NAME = AppIcon;
				CODE_SIGN_STYLE = Automatic;
				DEVELOPMENT_TEAM = S3VK26R296;
				INFOPLIST_FILE = ARDemo_3/Info.plist;
				LD_RUNPATH_SEARCH_PATHS = "$(inherited) @executable_path/Frameworks";
				PRODUCT_BUNDLE_IDENTIFIER = "com.Gjianhao.ARDemo-3";
				PRODUCT_NAME = "$(TARGET_NAME)";
				SWIFT_VERSION = 4.0;
				TARGETED_DEVICE_FAMILY = "1,2";
			};
			name = Debug;
		};
		0A0CD2B91FC06982004BAA7F /* Release */ = {
			isa = XCBuildConfiguration;
			buildSettings = {
				ASSETCATALOG_COMPILER_APPICON_NAME = AppIcon;
				CODE_SIGN_STYLE = Automatic;
				DEVELOPMENT_TEAM = S3VK26R296;
				INFOPLIST_FILE = ARDemo_3/Info.plist;
				LD_RUNPATH_SEARCH_PATHS = "$(inherited) @executable_path/Frameworks";
				PRODUCT_BUNDLE_IDENTIFIER = "com.Gjianhao.ARDemo-3";
				PRODUCT_NAME = "$(TARGET_NAME)";
				SWIFT_VERSION = 4.0;
				TARGETED_DEVICE_FAMILY = "1,2";
			};
			name = Release;
		};
		0A4C32471FC18D4B0048AF18 /* Debug */ = {
			isa = XCBuildConfiguration;
			buildSettings = {
				ASSETCATALOG_COMPILER_APPICON_NAME = AppIcon;
				CODE_SIGN_STYLE = Automatic;
				DEVELOPMENT_TEAM = S3VK26R296;
				INFOPLIST_FILE = SolarSystem/Info.plist;
				LD_RUNPATH_SEARCH_PATHS = "$(inherited) @executable_path/Frameworks";
				PRODUCT_BUNDLE_IDENTIFIER = com.Gjianhao.SolarSystem;
				PRODUCT_NAME = "$(TARGET_NAME)";
				SWIFT_VERSION = 4.0;
				TARGETED_DEVICE_FAMILY = "1,2";
			};
			name = Debug;
		};
		0A4C32481FC18D4B0048AF18 /* Release */ = {
			isa = XCBuildConfiguration;
			buildSettings = {
				ASSETCATALOG_COMPILER_APPICON_NAME = AppIcon;
				CODE_SIGN_STYLE = Automatic;
				DEVELOPMENT_TEAM = S3VK26R296;
				INFOPLIST_FILE = SolarSystem/Info.plist;
				LD_RUNPATH_SEARCH_PATHS = "$(inherited) @executable_path/Frameworks";
				PRODUCT_BUNDLE_IDENTIFIER = com.Gjianhao.SolarSystem;
				PRODUCT_NAME = "$(TARGET_NAME)";
				SWIFT_VERSION = 4.0;
				TARGETED_DEVICE_FAMILY = "1,2";
			};
			name = Release;
		};
		0A7608791FBC741900981D60 /* Debug */ = {
			isa = XCBuildConfiguration;
			buildSettings = {
				ALWAYS_SEARCH_USER_PATHS = NO;
				CLANG_ANALYZER_NONNULL = YES;
				CLANG_ANALYZER_NUMBER_OBJECT_CONVERSION = YES_AGGRESSIVE;
				CLANG_CXX_LANGUAGE_STANDARD = "gnu++14";
				CLANG_CXX_LIBRARY = "libc++";
				CLANG_ENABLE_MODULES = YES;
				CLANG_ENABLE_OBJC_ARC = YES;
				CLANG_WARN_BLOCK_CAPTURE_AUTORELEASING = YES;
				CLANG_WARN_BOOL_CONVERSION = YES;
				CLANG_WARN_COMMA = YES;
				CLANG_WARN_CONSTANT_CONVERSION = YES;
				CLANG_WARN_DIRECT_OBJC_ISA_USAGE = YES_ERROR;
				CLANG_WARN_DOCUMENTATION_COMMENTS = YES;
				CLANG_WARN_EMPTY_BODY = YES;
				CLANG_WARN_ENUM_CONVERSION = YES;
				CLANG_WARN_INFINITE_RECURSION = YES;
				CLANG_WARN_INT_CONVERSION = YES;
				CLANG_WARN_NON_LITERAL_NULL_CONVERSION = YES;
				CLANG_WARN_OBJC_LITERAL_CONVERSION = YES;
				CLANG_WARN_OBJC_ROOT_CLASS = YES_ERROR;
				CLANG_WARN_RANGE_LOOP_ANALYSIS = YES;
				CLANG_WARN_STRICT_PROTOTYPES = YES;
				CLANG_WARN_SUSPICIOUS_MOVE = YES;
				CLANG_WARN_UNGUARDED_AVAILABILITY = YES_AGGRESSIVE;
				CLANG_WARN_UNREACHABLE_CODE = YES;
				CLANG_WARN__DUPLICATE_METHOD_MATCH = YES;
				CODE_SIGN_IDENTITY = "iPhone Developer";
				COPY_PHASE_STRIP = NO;
				DEBUG_INFORMATION_FORMAT = dwarf;
				ENABLE_STRICT_OBJC_MSGSEND = YES;
				ENABLE_TESTABILITY = YES;
				GCC_C_LANGUAGE_STANDARD = gnu11;
				GCC_DYNAMIC_NO_PIC = NO;
				GCC_NO_COMMON_BLOCKS = YES;
				GCC_OPTIMIZATION_LEVEL = 0;
				GCC_PREPROCESSOR_DEFINITIONS = (
					"DEBUG=1",
					"$(inherited)",
				);
				GCC_WARN_64_TO_32_BIT_CONVERSION = YES;
				GCC_WARN_ABOUT_RETURN_TYPE = YES_ERROR;
				GCC_WARN_UNDECLARED_SELECTOR = YES;
				GCC_WARN_UNINITIALIZED_AUTOS = YES_AGGRESSIVE;
				GCC_WARN_UNUSED_FUNCTION = YES;
				GCC_WARN_UNUSED_VARIABLE = YES;
				IPHONEOS_DEPLOYMENT_TARGET = 11.1;
				MTL_ENABLE_DEBUG_INFO = YES;
				ONLY_ACTIVE_ARCH = YES;
				SDKROOT = iphoneos;
				SWIFT_ACTIVE_COMPILATION_CONDITIONS = DEBUG;
				SWIFT_OPTIMIZATION_LEVEL = "-Onone";
			};
			name = Debug;
		};
		0A76087A1FBC741900981D60 /* Release */ = {
			isa = XCBuildConfiguration;
			buildSettings = {
				ALWAYS_SEARCH_USER_PATHS = NO;
				CLANG_ANALYZER_NONNULL = YES;
				CLANG_ANALYZER_NUMBER_OBJECT_CONVERSION = YES_AGGRESSIVE;
				CLANG_CXX_LANGUAGE_STANDARD = "gnu++14";
				CLANG_CXX_LIBRARY = "libc++";
				CLANG_ENABLE_MODULES = YES;
				CLANG_ENABLE_OBJC_ARC = YES;
				CLANG_WARN_BLOCK_CAPTURE_AUTORELEASING = YES;
				CLANG_WARN_BOOL_CONVERSION = YES;
				CLANG_WARN_COMMA = YES;
				CLANG_WARN_CONSTANT_CONVERSION = YES;
				CLANG_WARN_DIRECT_OBJC_ISA_USAGE = YES_ERROR;
				CLANG_WARN_DOCUMENTATION_COMMENTS = YES;
				CLANG_WARN_EMPTY_BODY = YES;
				CLANG_WARN_ENUM_CONVERSION = YES;
				CLANG_WARN_INFINITE_RECURSION = YES;
				CLANG_WARN_INT_CONVERSION = YES;
				CLANG_WARN_NON_LITERAL_NULL_CONVERSION = YES;
				CLANG_WARN_OBJC_LITERAL_CONVERSION = YES;
				CLANG_WARN_OBJC_ROOT_CLASS = YES_ERROR;
				CLANG_WARN_RANGE_LOOP_ANALYSIS = YES;
				CLANG_WARN_STRICT_PROTOTYPES = YES;
				CLANG_WARN_SUSPICIOUS_MOVE = YES;
				CLANG_WARN_UNGUARDED_AVAILABILITY = YES_AGGRESSIVE;
				CLANG_WARN_UNREACHABLE_CODE = YES;
				CLANG_WARN__DUPLICATE_METHOD_MATCH = YES;
				CODE_SIGN_IDENTITY = "iPhone Developer";
				COPY_PHASE_STRIP = NO;
				DEBUG_INFORMATION_FORMAT = "dwarf-with-dsym";
				ENABLE_NS_ASSERTIONS = NO;
				ENABLE_STRICT_OBJC_MSGSEND = YES;
				GCC_C_LANGUAGE_STANDARD = gnu11;
				GCC_NO_COMMON_BLOCKS = YES;
				GCC_WARN_64_TO_32_BIT_CONVERSION = YES;
				GCC_WARN_ABOUT_RETURN_TYPE = YES_ERROR;
				GCC_WARN_UNDECLARED_SELECTOR = YES;
				GCC_WARN_UNINITIALIZED_AUTOS = YES_AGGRESSIVE;
				GCC_WARN_UNUSED_FUNCTION = YES;
				GCC_WARN_UNUSED_VARIABLE = YES;
				IPHONEOS_DEPLOYMENT_TARGET = 11.1;
				MTL_ENABLE_DEBUG_INFO = NO;
				SDKROOT = iphoneos;
				SWIFT_OPTIMIZATION_LEVEL = "-Owholemodule";
				VALIDATE_PRODUCT = YES;
			};
			name = Release;
		};
		0A76087C1FBC741900981D60 /* Debug */ = {
			isa = XCBuildConfiguration;
			buildSettings = {
				ASSETCATALOG_COMPILER_APPICON_NAME = AppIcon;
				CODE_SIGN_STYLE = Automatic;
				DEVELOPMENT_TEAM = S3VK26R296;
				INFOPLIST_FILE = ARDemo_1/Info.plist;
				LD_RUNPATH_SEARCH_PATHS = "$(inherited) @executable_path/Frameworks";
				PRODUCT_BUNDLE_IDENTIFIER = "com.Gjianhao.ARDemo-1";
				PRODUCT_NAME = "$(TARGET_NAME)";
				SWIFT_VERSION = 4.0;
				TARGETED_DEVICE_FAMILY = "1,2";
			};
			name = Debug;
		};
		0A76087D1FBC741900981D60 /* Release */ = {
			isa = XCBuildConfiguration;
			buildSettings = {
				ASSETCATALOG_COMPILER_APPICON_NAME = AppIcon;
				CODE_SIGN_STYLE = Automatic;
				DEVELOPMENT_TEAM = S3VK26R296;
				INFOPLIST_FILE = ARDemo_1/Info.plist;
				LD_RUNPATH_SEARCH_PATHS = "$(inherited) @executable_path/Frameworks";
				PRODUCT_BUNDLE_IDENTIFIER = "com.Gjianhao.ARDemo-1";
				PRODUCT_NAME = "$(TARGET_NAME)";
				SWIFT_VERSION = 4.0;
				TARGETED_DEVICE_FAMILY = "1,2";
			};
			name = Release;
		};
		0A770CB61FD6D49300FDC00B /* Debug */ = {
			isa = XCBuildConfiguration;
			buildSettings = {
				ASSETCATALOG_COMPILER_APPICON_NAME = AppIcon;
				CODE_SIGN_STYLE = Automatic;
				DEVELOPMENT_TEAM = S3VK26R296;
				INFOPLIST_FILE = ARRuler/Info.plist;
				IPHONEOS_DEPLOYMENT_TARGET = 11.2;
				LD_RUNPATH_SEARCH_PATHS = "$(inherited) @executable_path/Frameworks";
				PRODUCT_BUNDLE_IDENTIFIER = com.Gjianhao.ARRuler;
				PRODUCT_NAME = "$(TARGET_NAME)";
				SWIFT_VERSION = 4.0;
				TARGETED_DEVICE_FAMILY = "1,2";
			};
			name = Debug;
		};
		0A770CB71FD6D49300FDC00B /* Release */ = {
			isa = XCBuildConfiguration;
			buildSettings = {
				ASSETCATALOG_COMPILER_APPICON_NAME = AppIcon;
				CODE_SIGN_STYLE = Automatic;
				DEVELOPMENT_TEAM = S3VK26R296;
				INFOPLIST_FILE = ARRuler/Info.plist;
				IPHONEOS_DEPLOYMENT_TARGET = 11.2;
				LD_RUNPATH_SEARCH_PATHS = "$(inherited) @executable_path/Frameworks";
				PRODUCT_BUNDLE_IDENTIFIER = com.Gjianhao.ARRuler;
				PRODUCT_NAME = "$(TARGET_NAME)";
				SWIFT_VERSION = 4.0;
				TARGETED_DEVICE_FAMILY = "1,2";
			};
			name = Release;
		};
		0AB233301FBDF05900FCD1E8 /* Debug */ = {
			isa = XCBuildConfiguration;
			buildSettings = {
				ASSETCATALOG_COMPILER_APPICON_NAME = AppIcon;
				CODE_SIGN_STYLE = Automatic;
				DEVELOPMENT_TEAM = S3VK26R296;
				INFOPLIST_FILE = ARDemo_2/Info.plist;
				LD_RUNPATH_SEARCH_PATHS = "$(inherited) @executable_path/Frameworks";
				PRODUCT_BUNDLE_IDENTIFIER = "com.Gjianhao.ARDemo-2";
				PRODUCT_NAME = "$(TARGET_NAME)";
				SWIFT_VERSION = 4.0;
				TARGETED_DEVICE_FAMILY = "1,2";
			};
			name = Debug;
		};
		0AB233311FBDF05900FCD1E8 /* Release */ = {
			isa = XCBuildConfiguration;
			buildSettings = {
				ASSETCATALOG_COMPILER_APPICON_NAME = AppIcon;
				CODE_SIGN_STYLE = Automatic;
				DEVELOPMENT_TEAM = S3VK26R296;
				INFOPLIST_FILE = ARDemo_2/Info.plist;
				LD_RUNPATH_SEARCH_PATHS = "$(inherited) @executable_path/Frameworks";
				PRODUCT_BUNDLE_IDENTIFIER = "com.Gjianhao.ARDemo-2";
				PRODUCT_NAME = "$(TARGET_NAME)";
				SWIFT_VERSION = 4.0;
				TARGETED_DEVICE_FAMILY = "1,2";
			};
			name = Release;
		};
/* End XCBuildConfiguration section */

/* Begin XCConfigurationList section */
		0A0CD2BA1FC06982004BAA7F /* Build configuration list for PBXNativeTarget "ARDemo_3" */ = {
			isa = XCConfigurationList;
			buildConfigurations = (
				0A0CD2B81FC06982004BAA7F /* Debug */,
				0A0CD2B91FC06982004BAA7F /* Release */,
			);
			defaultConfigurationIsVisible = 0;
			defaultConfigurationName = Release;
		};
		0A4C32491FC18D4B0048AF18 /* Build configuration list for PBXNativeTarget "SolarSystem" */ = {
			isa = XCConfigurationList;
			buildConfigurations = (
				0A4C32471FC18D4B0048AF18 /* Debug */,
				0A4C32481FC18D4B0048AF18 /* Release */,
			);
			defaultConfigurationIsVisible = 0;
			defaultConfigurationName = Release;
		};
		0A7608621FBC741900981D60 /* Build configuration list for PBXProject "ARDemo_1" */ = {
			isa = XCConfigurationList;
			buildConfigurations = (
				0A7608791FBC741900981D60 /* Debug */,
				0A76087A1FBC741900981D60 /* Release */,
			);
			defaultConfigurationIsVisible = 0;
			defaultConfigurationName = Release;
		};
		0A76087B1FBC741900981D60 /* Build configuration list for PBXNativeTarget "ARDemo_1" */ = {
			isa = XCConfigurationList;
			buildConfigurations = (
				0A76087C1FBC741900981D60 /* Debug */,
				0A76087D1FBC741900981D60 /* Release */,
			);
			defaultConfigurationIsVisible = 0;
			defaultConfigurationName = Release;
		};
		0A770CB81FD6D49300FDC00B /* Build configuration list for PBXNativeTarget "ARRuler" */ = {
			isa = XCConfigurationList;
			buildConfigurations = (
				0A770CB61FD6D49300FDC00B /* Debug */,
				0A770CB71FD6D49300FDC00B /* Release */,
			);
			defaultConfigurationIsVisible = 0;
			defaultConfigurationName = Release;
		};
		0AB233321FBDF05900FCD1E8 /* Build configuration list for PBXNativeTarget "ARDemo_2" */ = {
			isa = XCConfigurationList;
			buildConfigurations = (
				0AB233301FBDF05900FCD1E8 /* Debug */,
				0AB233311FBDF05900FCD1E8 /* Release */,
			);
			defaultConfigurationIsVisible = 0;
			defaultConfigurationName = Release;
		};
/* End XCConfigurationList section */
	};
	rootObject = 0A76085F1FBC741900981D60 /* Project object */;
}
